
Microsoft Visual Studio Solution File, Format Version 12.00
# Visual Studio Version 16
VisualStudioVersion = 16.0.30309.148
MinimumVisualStudioVersion = 10.0.40219.1
Project("{FAE04EC0-301F-11D3-BF4B-00C04F79EFBC}") = "Entities", "JuiceShopEntities\Entities.csproj", "{E2B6661A-5393-491E-B6AB-9C82E1AEA71F}"
EndProject
Project("{FAE04EC0-301F-11D3-BF4B-00C04F79EFBC}") = "JuiceShopDAL", "JuiceShopDAL\JuiceShopDAL.csproj", "{94C997D4-44E0-42D4-BA82-D07228AB4B15}"
EndProject
Project("{FAE04EC0-301F-11D3-BF4B-00C04F79EFBC}") = "JuiceShopBusinessManager", "JuiceShopBusinessManager\JuiceShopBusinessManager.csproj", "{C984F680-1F87-411B-974A-B8C9D8283949}"
EndProject
Project("{FAE04EC0-301F-11D3-BF4B-00C04F79EFBC}") = "JuiceShopClient", "JuiceShopClient\JuiceShopClient.csproj", "{1556D825-B129-4B33-BB48-7F613FED1489}"
EndProject
Global
	GlobalSection(SolutionConfigurationPlatforms) = preSolution
		Debug|Any CPU = Debug|Any CPU
		Release|Any CPU = Release|Any CPU
	EndGlobalSection
	GlobalSection(ProjectConfigurationPlatforms) = postSolution
		{E2B6661A-5393-491E-B6AB-9C82E1AEA71F}.Debug|Any CPU.ActiveCfg = Debug|Any CPU
		{E2B6661A-5393-491E-B6AB-9C82E1AEA71F}.Debug|Any CPU.Build.0 = Debug|Any CPU
		{E2B6661A-5393-491E-B6AB-9C82E1AEA71F}.Release|Any CPU.ActiveCfg = Release|Any CPU
		{E2B6661A-5393-491E-B6AB-9C82E1AEA71F}.Release|Any CPU.Build.0 = Release|Any CPU
		{94C997D4-44E0-42D4-BA82-D07228AB4B15}.Debug|Any CPU.ActiveCfg = Debug|Any CPU
		{94C997D4-44E0-42D4-BA82-D07228AB4B15}.Debug|Any CPU.Build.0 = Debug|Any CPU
		{94C997D4-44E0-42D4-BA82-D07228AB4B15}.Release|Any CPU.ActiveCfg = Release|Any CPU
		{94C997D4-44E0-42D4-BA82-D07228AB4B15}.Release|Any CPU.Build.0 = Release|Any CPU
		{C984F680-1F87-411B-974A-B8C9D8283949}.Debug|Any CPU.ActiveCfg = Debug|Any CPU
		{C984F680-1F87-411B-974A-B8C9D8283949}.Debug|Any CPU.Build.0 = Debug|Any CPU
		{C984F680-1F87-411B-974A-B8C9D8283949}.Release|Any CPU.ActiveCfg = Release|Any CPU
		{C984F680-1F87-411B-974A-B8C9D8283949}.Release|Any CPU.Build.0 = Release|Any CPU
		{1556D825-B129-4B33-BB48-7F613FED1489}.Debug|Any CPU.ActiveCfg = Debug|Any CPU
		{1556D825-B129-4B33-BB48-7F613FED1489}.Debug|Any CPU.Build.0 = Debug|Any CPU
		{1556D825-B129-4B33-BB48-7F613FED1489}.Release|Any CPU.ActiveCfg = Release|Any CPU
		{1556D825-B129-4B33-BB48-7F613FED1489}.Release|Any CPU.Build.0 = Release|Any CPU
	EndGlobalSection
	GlobalSection(SolutionProperties) = preSolution
		HideSolutionNode = FALSE
	EndGlobalSection
	GlobalSection(ExtensibilityGlobals) = postSolution
		SolutionGuid = {1FDEBCE7-C0B1-4591-9630-400A1578DB00}
	EndGlobalSection
EndGlobal
